// !$*UTF8*$!
{
	archiveVersion = 1;
	classes = {
	};
	objectVersion = 46;
	objects = {

/* Begin PBXBuildFile section */
		8241B9771D1AEAB20001E92D /* main.m in Sources */ = {isa = PBXBuildFile; fileRef = 8241B9761D1AEAB20001E92D /* main.m */; };
		8241B97A1D1AEAB20001E92D /* AppDelegate.m in Sources */ = {isa = PBXBuildFile; fileRef = 8241B9791D1AEAB20001E92D /* AppDelegate.m */; };
		8241B97D1D1AEAB20001E92D /* ViewController.m in Sources */ = {isa = PBXBuildFile; fileRef = 8241B97C1D1AEAB20001E92D /* ViewController.m */; };
		8241B9801D1AEAB20001E92D /* Main.storyboard in Resources */ = {isa = PBXBuildFile; fileRef = 8241B97E1D1AEAB20001E92D /* Main.storyboard */; };
		8241B9821D1AEAB20001E92D /* Assets.xcassets in Resources */ = {isa = PBXBuildFile; fileRef = 8241B9811D1AEAB20001E92D /* Assets.xcassets */; };
		8241B9851D1AEAB20001E92D /* LaunchScreen.storyboard in Resources */ = {isa = PBXBuildFile; fileRef = 8241B9831D1AEAB20001E92D /* LaunchScreen.storyboard */; };
		8241B9901D1AEAB20001E92D /* RandomNumberTests.m in Sources */ = {isa = PBXBuildFile; fileRef = 8241B98F1D1AEAB20001E92D /* RandomNumberTests.m */; };
		8241B99B1D1AEAB30001E92D /* RandomNumberUITests.m in Sources */ = {isa = PBXBuildFile; fileRef = 8241B99A1D1AEAB30001E92D /* RandomNumberUITests.m */; };
/* End PBXBuildFile section */

/* Begin PBXContainerItemProxy section */
		8241B98C1D1AEAB20001E92D /* PBXContainerItemProxy */ = {
			isa = PBXContainerItemProxy;
			containerPortal = 8241B96A1D1AEAB20001E92D /* Project object */;
			proxyType = 1;
			remoteGlobalIDString = 8241B9711D1AEAB20001E92D;
			remoteInfo = RandomNumber;
		};
		8241B9971D1AEAB30001E92D /* PBXContainerItemProxy */ = {
			isa = PBXContainerItemProxy;
			containerPortal = 8241B96A1D1AEAB20001E92D /* Project object */;
			proxyType = 1;
			remoteGlobalIDString = 8241B9711D1AEAB20001E92D;
			remoteInfo = RandomNumber;
		};
/* End PBXContainerItemProxy section */

/* Begin PBXFileReference section */
		8241B9721D1AEAB20001E92D /* RandomNumber.app */ = {isa = PBXFileReference; explicitFileType = wrapper.application; includeInIndex = 0; path = RandomNumber.app; sourceTree = BUILT_PRODUCTS_DIR; };
		8241B9761D1AEAB20001E92D /* main.m */ = {isa = PBXFileReference; lastKnownFileType = sourcecode.c.objc; path = main.m; sourceTree = "<group>"; };
		8241B9781D1AEAB20001E92D /* AppDelegate.h */ = {isa = PBXFileReference; lastKnownFileType = sourcecode.c.h; path = AppDelegate.h; sourceTree = "<group>"; };
		8241B9791D1AEAB20001E92D /* AppDelegate.m */ = {isa = PBXFileReference; lastKnownFileType = sourcecode.c.objc; path = AppDelegate.m; sourceTree = "<group>"; };
		8241B97B1D1AEAB20001E92D /* ViewController.h */ = {isa = PBXFileReference; lastKnownFileType = sourcecode.c.h; path = ViewController.h; sourceTree = "<group>"; };
		8241B97C1D1AEAB20001E92D /* ViewController.m */ = {isa = PBXFileReference; lastKnownFileType = sourcecode.c.objc; path = ViewController.m; sourceTree = "<group>"; };
		8241B97F1D1AEAB20001E92D /* Base */ = {isa = PBXFileReference; lastKnownFileType = file.storyboard; name = Base; path = Base.lproj/Main.storyboard; sourceTree = "<group>"; };
		8241B9811D1AEAB20001E92D /* Assets.xcassets */ = {isa = PBXFileReference; lastKnownFileType = folder.assetcatalog; path = Assets.xcassets; sourceTree = "<group>"; };
		8241B9841D1AEAB20001E92D /* Base */ = {isa = PBXFileReference; lastKnownFileType = file.storyboard; name = Base; path = Base.lproj/LaunchScreen.storyboard; sourceTree = "<group>"; };
		8241B9861D1AEAB20001E92D /* Info.plist */ = {isa = PBXFileReference; lastKnownFileType = text.plist.xml; path = Info.plist; sourceTree = "<group>"; };
		8241B98B1D1AEAB20001E92D /* RandomNumberTests.xctest */ = {isa = PBXFileReference; explicitFileType = wrapper.cfbundle; includeInIndex = 0; path = RandomNumberTests.xctest; sourceTree = BUILT_PRODUCTS_DIR; };
		8241B98F1D1AEAB20001E92D /* RandomNumberTests.m */ = {isa = PBXFileReference; lastKnownFileType = sourcecode.c.objc; path = RandomNumberTests.m; sourceTree = "<group>"; };
		8241B9911D1AEAB20001E92D /* Info.plist */ = {isa = PBXFileReference; lastKnownFileType = text.plist.xml; path = Info.plist; sourceTree = "<group>"; };
		8241B9961D1AEAB30001E92D /* RandomNumberUITests.xctest */ = {isa = PBXFileReference; explicitFileType = wrapper.cfbundle; includeInIndex = 0; path = RandomNumberUITests.xctest; sourceTree = BUILT_PRODUCTS_DIR; };
		8241B99A1D1AEAB30001E92D /* RandomNumberUITests.m */ = {isa = PBXFileReference; lastKnownFileType = sourcecode.c.objc; path = RandomNumberUITests.m; sourceTree = "<group>"; };
		8241B99C1D1AEAB30001E92D /* Info.plist */ = {isa = PBXFileReference; lastKnownFileType = text.plist.xml; path = Info.plist; sourceTree = "<group>"; };
/* End PBXFileReference section */

/* Begin PBXFrameworksBuildPhase section */
		8241B96F1D1AEAB20001E92D /* Frameworks */ = {
			isa = PBXFrameworksBuildPhase;
			buildActionMask = 2147483647;
			files = (
			);
			runOnlyForDeploymentPostprocessing = 0;
		};
		8241B9881D1AEAB20001E92D /* Frameworks */ = {
			isa = PBXFrameworksBuildPhase;
			buildActionMask = 2147483647;
			files = (
			);
			runOnlyForDeploymentPostprocessing = 0;
		};
		8241B9931D1AEAB30001E92D /* Frameworks */ = {
			isa = PBXFrameworksBuildPhase;
			buildActionMask = 2147483647;
			files = (
			);
			runOnlyForDeploymentPostprocessing = 0;
		};
/* End PBXFrameworksBuildPhase section */

/* Begin PBXGroup section */
		8241B9691D1AEAB20001E92D = {
			isa = PBXGroup;
			children = (
				8241B9741D1AEAB20001E92D /* RandomNumber */,
				8241B98E1D1AEAB20001E92D /* RandomNumberTests */,
				8241B9991D1AEAB30001E92D /* RandomNumberUITests */,
				8241B9731D1AEAB20001E92D /* Products */,
			);
			sourceTree = "<group>";
		};
		8241B9731D1AEAB20001E92D /* Products */ = {
			isa = PBXGroup;
			children = (
				8241B9721D1AEAB20001E92D /* RandomNumber.app */,
				8241B98B1D1AEAB20001E92D /* RandomNumberTests.xctest */,
				8241B9961D1AEAB30001E92D /* RandomNumberUITests.xctest */,
			);
			name = Products;
			sourceTree = "<group>";
		};
		8241B9741D1AEAB20001E92D /* RandomNumber */ = {
			isa = PBXGroup;
			children = (
				8241B9A81D1AEBB70001E92D /* Controllers */,
				8241B9A91D1AEBCA0001E92D /* Views */,
				8241B9AA1D1AEBD40001E92D /* Models */,
				8241B97E1D1AEAB20001E92D /* Main.storyboard */,
				8241B9831D1AEAB20001E92D /* LaunchScreen.storyboard */,
				8241B9781D1AEAB20001E92D /* AppDelegate.h */,
				8241B9791D1AEAB20001E92D /* AppDelegate.m */,
				8241B9811D1AEAB20001E92D /* Assets.xcassets */,
				8241B9861D1AEAB20001E92D /* Info.plist */,
				8241B9751D1AEAB20001E92D /* Supporting Files */,
			);
			path = RandomNumber;
			sourceTree = "<group>";
		};
		8241B9751D1AEAB20001E92D /* Supporting Files */ = {
			isa = PBXGroup;
			children = (
				8241B9761D1AEAB20001E92D /* main.m */,
			);
			name = "Supporting Files";
			sourceTree = "<group>";
		};
		8241B98E1D1AEAB20001E92D /* RandomNumberTests */ = {
			isa = PBXGroup;
			children = (
				8241B98F1D1AEAB20001E92D /* RandomNumberTests.m */,
				8241B9911D1AEAB20001E92D /* Info.plist */,
			);
			path = RandomNumberTests;
			sourceTree = "<group>";
		};
		8241B9991D1AEAB30001E92D /* RandomNumberUITests */ = {
			isa = PBXGroup;
			children = (
				8241B99A1D1AEAB30001E92D /* RandomNumberUITests.m */,
				8241B99C1D1AEAB30001E92D /* Info.plist */,
			);
			path = RandomNumberUITests;
			sourceTree = "<group>";
		};
		8241B9A81D1AEBB70001E92D /* Controllers */ = {
			isa = PBXGroup;
			children = (
				8241B97B1D1AEAB20001E92D /* ViewController.h */,
				8241B97C1D1AEAB20001E92D /* ViewController.m */,
			);
			name = Controllers;
			sourceTree = "<group>";
		};
		8241B9A91D1AEBCA0001E92D /* Views */ = {
			isa = PBXGroup;
			children = (
			);
			name = Views;
			sourceTree = "<group>";
		};
		8241B9AA1D1AEBD40001E92D /* Models */ = {
			isa = PBXGroup;
			children = (
			);
			name = Models;
			sourceTree = "<group>";
		};
/* End PBXGroup section */

/* Begin PBXNativeTarget section */
		8241B9711D1AEAB20001E92D /* RandomNumber */ = {
			isa = PBXNativeTarget;
			buildConfigurationList = 8241B99F1D1AEAB30001E92D /* Build configuration list for PBXNativeTarget "RandomNumber" */;
			buildPhases = (
				8241B96E1D1AEAB20001E92D /* Sources */,
				8241B96F1D1AEAB20001E92D /* Frameworks */,
				8241B9701D1AEAB20001E92D /* Resources */,
			);
			buildRules = (
			);
			dependencies = (
			);
			name = RandomNumber;
			productName = RandomNumber;
			productReference = 8241B9721D1AEAB20001E92D /* RandomNumber.app */;
			productType = "com.apple.product-type.application";
		};
		8241B98A1D1AEAB20001E92D /* RandomNumberTests */ = {
			isa = PBXNativeTarget;
			buildConfigurationList = 8241B9A21D1AEAB30001E92D /* Build configuration list for PBXNativeTarget "RandomNumberTests" */;
			buildPhases = (
				8241B9871D1AEAB20001E92D /* Sources */,
				8241B9881D1AEAB20001E92D /* Frameworks */,
				8241B9891D1AEAB20001E92D /* Resources */,
			);
			buildRules = (
			);
			dependencies = (
				8241B98D1D1AEAB20001E92D /* PBXTargetDependency */,
			);
			name = RandomNumberTests;
			productName = RandomNumberTests;
			productReference = 8241B98B1D1AEAB20001E92D /* RandomNumberTests.xctest */;
			productType = "com.apple.product-type.bundle.unit-test";
		};
		8241B9951D1AEAB30001E92D /* RandomNumberUITests */ = {
			isa = PBXNativeTarget;
			buildConfigurationList = 8241B9A51D1AEAB30001E92D /* Build configuration list for PBXNativeTarget "RandomNumberUITests" */;
			buildPhases = (
				8241B9921D1AEAB30001E92D /* Sources */,
				8241B9931D1AEAB30001E92D /* Frameworks */,
				8241B9941D1AEAB30001E92D /* Resources */,
			);
			buildRules = (
			);
			dependencies = (
				8241B9981D1AEAB30001E92D /* PBXTargetDependency */,
			);
			name = RandomNumberUITests;
			productName = RandomNumberUITests;
			productReference = 8241B9961D1AEAB30001E92D /* RandomNumberUITests.xctest */;
			productType = "com.apple.product-type.bundle.ui-testing";
		};
/* End PBXNativeTarget section */

/* Begin PBXProject section */
		8241B96A1D1AEAB20001E92D /* Project object */ = {
			isa = PBXProject;
			attributes = {
				LastUpgradeCheck = 0730;
				ORGANIZATIONNAME = xcelMe;
				TargetAttributes = {
					8241B9711D1AEAB20001E92D = {
						CreatedOnToolsVersion = 7.3.1;
					};
					8241B98A1D1AEAB20001E92D = {
						CreatedOnToolsVersion = 7.3.1;
						TestTargetID = 8241B9711D1AEAB20001E92D;
					};
					8241B9951D1AEAB30001E92D = {
						CreatedOnToolsVersion = 7.3.1;
						TestTargetID = 8241B9711D1AEAB20001E92D;
					};
				};
			};
			buildConfigurationList = 8241B96D1D1AEAB20001E92D /* Build configuration list for PBXProject "RandomNumber" */;
			compatibilityVersion = "Xcode 3.2";
			developmentRegion = English;
			hasScannedForEncodings = 0;
			knownRegions = (
				en,
				Base,
			);
			mainGroup = 8241B9691D1AEAB20001E92D;
			productRefGroup = 8241B9731D1AEAB20001E92D /* Products */;
			projectDirPath = "";
			projectRoot = "";
			targets = (
				8241B9711D1AEAB20001E92D /* RandomNumber */,
				8241B98A1D1AEAB20001E92D /* RandomNumberTests */,
				8241B9951D1AEAB30001E92D /* RandomNumberUITests */,
			);
		};
/* End PBXProject section */

/* Begin PBXResourcesBuildPhase section */
		8241B9701D1AEAB20001E92D /* Resources */ = {
			isa = PBXResourcesBuildPhase;
			buildActionMask = 2147483647;
			files = (
				8241B9851D1AEAB20001E92D /* LaunchScreen.storyboard in Resources */,
				8241B9821D1AEAB20001E92D /* Assets.xcassets in Resources */,
				8241B9801D1AEAB20001E92D /* Main.storyboard in Resources */,
			);
			runOnlyForDeploymentPostprocessing = 0;
		};
		8241B9891D1AEAB20001E92D /* Resources */ = {
			isa = PBXResourcesBuildPhase;
			buildActionMask = 2147483647;
			files = (
			);
			runOnlyForDeploymentPostprocessing = 0;
		};
		8241B9941D1AEAB30001E92D /* Resources */ = {
			isa = PBXResourcesBuildPhase;
			buildActionMask = 2147483647;
			files = (
			);
			runOnlyForDeploymentPostprocessing = 0;
		};
/* End PBXResourcesBuildPhase section */

/* Begin PBXSourcesBuildPhase section */
		8241B96E1D1AEAB20001E92D /* Sources */ = {
			isa = PBXSourcesBuildPhase;
			buildActionMask = 2147483647;
			files = (
				8241B97D1D1AEAB20001E92D /* ViewController.m in Sources */,
				8241B97A1D1AEAB20001E92D /* AppDelegate.m in Sources */,
				8241B9771D1AEAB20001E92D /* main.m in Sources */,
			);
			runOnlyForDeploymentPostprocessing = 0;
		};
		8241B9871D1AEAB20001E92D /* Sources */ = {
			isa = PBXSourcesBuildPhase;
			buildActionMask = 2147483647;
			files = (
				8241B9901D1AEAB20001E92D /* RandomNumberTests.m in Sources */,
			);
			runOnlyForDeploymentPostprocessing = 0;
		};
		8241B9921D1AEAB30001E92D /* Sources */ = {
			isa = PBXSourcesBuildPhase;
			buildActionMask = 2147483647;
			files = (
				8241B99B1D1AEAB30001E92D /* RandomNumberUITests.m in Sources */,
			);
			runOnlyForDeploymentPostprocessing = 0;
		};
/* End PBXSourcesBuildPhase section */

/* Begin PBXTargetDependency section */
		8241B98D1D1AEAB20001E92D /* PBXTargetDependency */ = {
			isa = PBXTargetDependency;
			target = 8241B9711D1AEAB20001E92D /* RandomNumber */;
			targetProxy = 8241B98C1D1AEAB20001E92D /* PBXContainerItemProxy */;
		};
		8241B9981D1AEAB30001E92D /* PBXTargetDependency */ = {
			isa = PBXTargetDependency;
			target = 8241B9711D1AEAB20001E92D /* RandomNumber */;
			targetProxy = 8241B9971D1AEAB30001E92D /* PBXContainerItemProxy */;
		};
/* End PBXTargetDependency section */

/* Begin PBXVariantGroup section */
		8241B97E1D1AEAB20001E92D /* Main.storyboard */ = {
			isa = PBXVariantGroup;
			children = (
				8241B97F1D1AEAB20001E92D /* Base */,
			);
			name = Main.storyboard;
			sourceTree = "<group>";
		};
		8241B9831D1AEAB20001E92D /* LaunchScreen.storyboard */ = {
			isa = PBXVariantGroup;
			children = (
				8241B9841D1AEAB20001E92D /* Base */,
			);
			name = LaunchScreen.storyboard;
			sourceTree = "<group>";
		};
/* End PBXVariantGroup section */

/* Begin XCBuildConfiguration section */
		8241B99D1D1AEAB30001E92D /* Debug */ = {
			isa = XCBuildConfiguration;
			buildSettings = {
				ALWAYS_SEARCH_USER_PATHS = NO;
				CLANG_ANALYZER_NONNULL = YES;
				CLANG_CXX_LANGUAGE_STANDARD = "gnu++0x";
				CLANG_CXX_LIBRARY = "libc++";
				CLANG_ENABLE_MODULES = YES;
				CLANG_ENABLE_OBJC_ARC = YES;
				CLANG_WARN_BOOL_CONVERSION = YES;
				CLANG_WARN_CONSTANT_CONVERSION = YES;
				CLANG_WARN_DIRECT_OBJC_ISA_USAGE = YES_ERROR;
				CLANG_WARN_EMPTY_BODY = YES;
				CLANG_WARN_ENUM_CONVERSION = YES;
				CLANG_WARN_INT_CONVERSION = YES;
				CLANG_WARN_OBJC_ROOT_CLASS = YES_ERROR;
				CLANG_WARN_UNREACHABLE_CODE = YES;
				CLANG_WARN__DUPLICATE_METHOD_MATCH = YES;
				"CODE_SIGN_IDENTITY[sdk=iphoneos*]" = "iPhone Developer";
				COPY_PHASE_STRIP = NO;
				DEBUG_INFORMATION_FORMAT = dwarf;
				ENABLE_STRICT_OBJC_MSGSEND = YES;
				ENABLE_TESTABILITY = YES;
				GCC_C_LANGUAGE_STANDARD = gnu99;
				GCC_DYNAMIC_NO_PIC = NO;
				GCC_NO_COMMON_BLOCKS = YES;
				GCC_OPTIMIZATION_LEVEL = 0;
				GCC_PREPROCESSOR_DEFINITIONS = (
					"DEBUG=1",
					"$(inherited)",
				);
				GCC_WARN_64_TO_32_BIT_CONVERSION = YES;
				GCC_WARN_ABOUT_RETURN_TYPE = YES_ERROR;
				GCC_WARN_UNDECLARED_SELECTOR = YES;
				GCC_WARN_UNINITIALIZED_AUTOS = YES_AGGRESSIVE;
				GCC_WARN_UNUSED_FUNCTION = YES;
				GCC_WARN_UNUSED_VARIABLE = YES;
				IPHONEOS_DEPLOYMENT_TARGET = 9.3;
				MTL_ENABLE_DEBUG_INFO = YES;
				ONLY_ACTIVE_ARCH = YES;
				SDKROOT = iphoneos;
				TARGETED_DEVICE_FAMILY = "1,2";
			};
			name = Debug;
		};
		8241B99E1D1AEAB30001E92D /* Release */ = {
			isa = XCBuildConfiguration;
			buildSettings = {
				ALWAYS_SEARCH_USER_PATHS = NO;
				CLANG_ANALYZER_NONNULL = YES;
				CLANG_CXX_LANGUAGE_STANDARD = "gnu++0x";
				CLANG_CXX_LIBRARY = "libc++";
				CLANG_ENABLE_MODULES = YES;
				CLANG_ENABLE_OBJC_ARC = YES;
				CLANG_WARN_BOOL_CONVERSION = YES;
				CLANG_WARN_CONSTANT_CONVERSION = YES;
				CLANG_WARN_DIRECT_OBJC_ISA_USAGE = YES_ERROR;
				CLANG_WARN_EMPTY_BODY = YES;
				CLANG_WARN_ENUM_CONVERSION = YES;
				CLANG_WARN_INT_CONVERSION = YES;
				CLANG_WARN_OBJC_ROOT_CLASS = YES_ERROR;
				CLANG_WARN_UNREACHABLE_CODE = YES;
				CLANG_WARN__DUPLICATE_METHOD_MATCH = YES;
				"CODE_SIGN_IDENTITY[sdk=iphoneos*]" = "iPhone Developer";
				COPY_PHASE_STRIP = NO;
				DEBUG_INFORMATION_FORMAT = "dwarf-with-dsym";
				ENABLE_NS_ASSERTIONS = NO;
				ENABLE_STRICT_OBJC_MSGSEND = YES;
				GCC_C_LANGUAGE_STANDARD = gnu99;
				GCC_NO_COMMON_BLOCKS = YES;
				GCC_WARN_64_TO_32_BIT_CONVERSION = YES;
				GCC_WARN_ABOUT_RETURN_TYPE = YES_ERROR;
				GCC_WARN_UNDECLARED_SELECTOR = YES;
				GCC_WARN_UNINITIALIZED_AUTOS = YES_AGGRESSIVE;
				GCC_WARN_UNUSED_FUNCTION = YES;
				GCC_WARN_UNUSED_VARIABLE = YES;
				IPHONEOS_DEPLOYMENT_TARGET = 9.3;
				MTL_ENABLE_DEBUG_INFO = NO;
				SDKROOT = iphoneos;
				TARGETED_DEVICE_FAMILY = "1,2";
				VALIDATE_PRODUCT = YES;
			};
			name = Release;
		};
		8241B9A01D1AEAB30001E92D /* Debug */ = {
			isa = XCBuildConfiguration;
			buildSettings = {
				ASSETCATALOG_COMPILER_APPICON_NAME = AppIcon;
				INFOPLIST_FILE = RandomNumber/Info.plist;
				LD_RUNPATH_SEARCH_PATHS = "$(inherited) @executable_path/Frameworks";
				PRODUCT_BUNDLE_IDENTIFIER = com.RandomNumber;
				PRODUCT_NAME = "$(TARGET_NAME)";
			};
			name = Debug;
		};
		8241B9A11D1AEAB30001E92D /* Release */ = {
			isa = XCBuildConfiguration;
			buildSettings = {
				ASSETCATALOG_COMPILER_APPICON_NAME = AppIcon;
				INFOPLIST_FILE = RandomNumber/Info.plist;
				LD_RUNPATH_SEARCH_PATHS = "$(inherited) @executable_path/Frameworks";
				PRODUCT_BUNDLE_IDENTIFIER = com.RandomNumber;
				PRODUCT_NAME = "$(TARGET_NAME)";
			};
			name = Release;
		};
		8241B9A31D1AEAB30001E92D /* Debug */ = {
			isa = XCBuildConfiguration;
			buildSettings = {
				BUNDLE_LOADER = "$(TEST_HOST)";
				INFOPLIST_FILE = RandomNumberTests/Info.plist;
				LD_RUNPATH_SEARCH_PATHS = "$(inherited) @executable_path/Frameworks @loader_path/Frameworks";
				PRODUCT_BUNDLE_IDENTIFIER = com.RandomNumberTests;
				PRODUCT_NAME = "$(TARGET_NAME)";
				TEST_HOST = "$(BUILT_PRODUCTS_DIR)/RandomNumber.app/RandomNumber";
			};
			name = Debug;
		};
		8241B9A41D1AEAB30001E92D /* Release */ = {
			isa = XCBuildConfiguration;
			buildSettings = {
				BUNDLE_LOADER = "$(TEST_HOST)";
				INFOPLIST_FILE = RandomNumberTests/Info.plist;
				LD_RUNPATH_SEARCH_PATHS = "$(inherited) @executable_path/Frameworks @loader_path/Frameworks";
				PRODUCT_BUNDLE_IDENTIFIER = com.RandomNumberTests;
				PRODUCT_NAME = "$(TARGET_NAME)";
				TEST_HOST = "$(BUILT_PRODUCTS_DIR)/RandomNumber.app/RandomNumber";
			};
			name = Release;
		};
		8241B9A61D1AEAB30001E92D /* Debug */ = {
			isa = XCBuildConfiguration;
			buildSettings = {
				INFOPLIST_FILE = RandomNumberUITests/Info.plist;
				LD_RUNPATH_SEARCH_PATHS = "$(inherited) @executable_path/Frameworks @loader_path/Frameworks";
				PRODUCT_BUNDLE_IDENTIFIER = com.RandomNumberUITests;
				PRODUCT_NAME = "$(TARGET_NAME)";
				TEST_TARGET_NAME = RandomNumber;
			};
			name = Debug;
		};
		8241B9A71D1AEAB30001E92D /* Release */ = {
			isa = XCBuildConfiguration;
			buildSettings = {
				INFOPLIST_FILE = RandomNumberUITests/Info.plist;
				LD_RUNPATH_SEARCH_PATHS = "$(inherited) @executable_path/Frameworks @loader_path/Frameworks";
				PRODUCT_BUNDLE_IDENTIFIER = com.RandomNumberUITests;
				PRODUCT_NAME = "$(TARGET_NAME)";
				TEST_TARGET_NAME = RandomNumber;
			};
			name = Release;
		};
/* End XCBuildConfiguration section */

/* Begin XCConfigurationList section */
		8241B96D1D1AEAB20001E92D /* Build configuration list for PBXProject "RandomNumber" */ = {
			isa = XCConfigurationList;
			buildConfigurations = (
				8241B99D1D1AEAB30001E92D /* Debug */,
				8241B99E1D1AEAB30001E92D /* Release */,
			);
			defaultConfigurationIsVisible = 0;
			defaultConfigurationName = Release;
		};
		8241B99F1D1AEAB30001E92D /* Build configuration list for PBXNativeTarget "RandomNumber" */ = {
			isa = XCConfigurationList;
			buildConfigurations = (
				8241B9A01D1AEAB30001E92D /* Debug */,
				8241B9A11D1AEAB30001E92D /* Release */,
			);
			defaultConfigurationIsVisible = 0;
		};
		8241B9A21D1AEAB30001E92D /* Build configuration list for PBXNativeTarget "RandomNumberTests" */ = {
			isa = XCConfigurationList;
			buildConfigurations = (
				8241B9A31D1AEAB30001E92D /* Debug */,
				8241B9A41D1AEAB30001E92D /* Release */,
			);
			defaultConfigurationIsVisible = 0;
		};
		8241B9A51D1AEAB30001E92D /* Build configuration list for PBXNativeTarget "RandomNumberUITests" */ = {
			isa = XCConfigurationList;
			buildConfigurations = (
				8241B9A61D1AEAB30001E92D /* Debug */,
				8241B9A71D1AEAB30001E92D /* Release */,
			);
			defaultConfigurationIsVisible = 0;
		};
/* End XCConfigurationList section */
	};
	rootObject = 8241B96A1D1AEAB20001E92D /* Project object */;
}
