// !$*UTF8*$!
{
	archiveVersion = 1;
	classes = {
	};
	objectVersion = 46;
	objects = {

/* Begin PBXBuildFile section */
		8B0E8BB81CB9C81600A3F226 /* main.m in Sources */ = {isa = PBXBuildFile; fileRef = 8B0E8BB71CB9C81600A3F226 /* main.m */; };
		8B0E8BBB1CB9C81600A3F226 /* AppDelegate.m in Sources */ = {isa = PBXBuildFile; fileRef = 8B0E8BBA1CB9C81600A3F226 /* AppDelegate.m */; };
		8B0E8BBE1CB9C81600A3F226 /* MasterViewController.m in Sources */ = {isa = PBXBuildFile; fileRef = 8B0E8BBD1CB9C81600A3F226 /* MasterViewController.m */; };
		8B0E8BC11CB9C81600A3F226 /* DetailViewController.m in Sources */ = {isa = PBXBuildFile; fileRef = 8B0E8BC01CB9C81600A3F226 /* DetailViewController.m */; };
		8B0E8BC41CB9C81600A3F226 /* Main.storyboard in Resources */ = {isa = PBXBuildFile; fileRef = 8B0E8BC21CB9C81600A3F226 /* Main.storyboard */; };
		8B0E8BC61CB9C81600A3F226 /* Assets.xcassets in Resources */ = {isa = PBXBuildFile; fileRef = 8B0E8BC51CB9C81600A3F226 /* Assets.xcassets */; };
		8B0E8BC91CB9C81600A3F226 /* LaunchScreen.storyboard in Resources */ = {isa = PBXBuildFile; fileRef = 8B0E8BC71CB9C81600A3F226 /* LaunchScreen.storyboard */; };
		8B0E8BD21CB9C97000A3F226 /* Customer.m in Sources */ = {isa = PBXBuildFile; fileRef = 8B0E8BD11CB9C97000A3F226 /* Customer.m */; };
/* End PBXBuildFile section */

/* Begin PBXFileReference section */
		8B0E8BB31CB9C81600A3F226 /* bookstore.app */ = {isa = PBXFileReference; explicitFileType = wrapper.application; includeInIndex = 0; path = bookstore.app; sourceTree = BUILT_PRODUCTS_DIR; };
		8B0E8BB71CB9C81600A3F226 /* main.m */ = {isa = PBXFileReference; lastKnownFileType = sourcecode.c.objc; path = main.m; sourceTree = "<group>"; };
		8B0E8BB91CB9C81600A3F226 /* AppDelegate.h */ = {isa = PBXFileReference; lastKnownFileType = sourcecode.c.h; path = AppDelegate.h; sourceTree = "<group>"; };
		8B0E8BBA1CB9C81600A3F226 /* AppDelegate.m */ = {isa = PBXFileReference; lastKnownFileType = sourcecode.c.objc; path = AppDelegate.m; sourceTree = "<group>"; };
		8B0E8BBC1CB9C81600A3F226 /* MasterViewController.h */ = {isa = PBXFileReference; lastKnownFileType = sourcecode.c.h; path = MasterViewController.h; sourceTree = "<group>"; };
		8B0E8BBD1CB9C81600A3F226 /* MasterViewController.m */ = {isa = PBXFileReference; lastKnownFileType = sourcecode.c.objc; path = MasterViewController.m; sourceTree = "<group>"; };
		8B0E8BBF1CB9C81600A3F226 /* DetailViewController.h */ = {isa = PBXFileReference; lastKnownFileType = sourcecode.c.h; path = DetailViewController.h; sourceTree = "<group>"; };
		8B0E8BC01CB9C81600A3F226 /* DetailViewController.m */ = {isa = PBXFileReference; lastKnownFileType = sourcecode.c.objc; path = DetailViewController.m; sourceTree = "<group>"; };
		8B0E8BC31CB9C81600A3F226 /* Base */ = {isa = PBXFileReference; lastKnownFileType = file.storyboard; name = Base; path = Base.lproj/Main.storyboard; sourceTree = "<group>"; };
		8B0E8BC51CB9C81600A3F226 /* Assets.xcassets */ = {isa = PBXFileReference; lastKnownFileType = folder.assetcatalog; path = Assets.xcassets; sourceTree = "<group>"; };
		8B0E8BC81CB9C81600A3F226 /* Base */ = {isa = PBXFileReference; lastKnownFileType = file.storyboard; name = Base; path = Base.lproj/LaunchScreen.storyboard; sourceTree = "<group>"; };
		8B0E8BCA1CB9C81600A3F226 /* Info.plist */ = {isa = PBXFileReference; lastKnownFileType = text.plist.xml; path = Info.plist; sourceTree = "<group>"; };
		8B0E8BD01CB9C97000A3F226 /* Customer.h */ = {isa = PBXFileReference; fileEncoding = 4; lastKnownFileType = sourcecode.c.h; path = Customer.h; sourceTree = "<group>"; };
		8B0E8BD11CB9C97000A3F226 /* Customer.m */ = {isa = PBXFileReference; fileEncoding = 4; lastKnownFileType = sourcecode.c.objc; path = Customer.m; sourceTree = "<group>"; };
/* End PBXFileReference section */

/* Begin PBXFrameworksBuildPhase section */
		8B0E8BB01CB9C81600A3F226 /* Frameworks */ = {
			isa = PBXFrameworksBuildPhase;
			buildActionMask = 2147483647;
			files = (
			);
			runOnlyForDeploymentPostprocessing = 0;
		};
/* End PBXFrameworksBuildPhase section */

/* Begin PBXGroup section */
		8B0E8BAA1CB9C81600A3F226 = {
			isa = PBXGroup;
			children = (
				8B0E8BB51CB9C81600A3F226 /* bookstore */,
				8B0E8BB41CB9C81600A3F226 /* Products */,
			);
			sourceTree = "<group>";
		};
		8B0E8BB41CB9C81600A3F226 /* Products */ = {
			isa = PBXGroup;
			children = (
				8B0E8BB31CB9C81600A3F226 /* bookstore.app */,
			);
			name = Products;
			sourceTree = "<group>";
		};
		8B0E8BB51CB9C81600A3F226 /* bookstore */ = {
			isa = PBXGroup;
			children = (
				8B0E8BB91CB9C81600A3F226 /* AppDelegate.h */,
				8B0E8BBA1CB9C81600A3F226 /* AppDelegate.m */,
				8B0E8BBC1CB9C81600A3F226 /* MasterViewController.h */,
				8B0E8BBD1CB9C81600A3F226 /* MasterViewController.m */,
				8B0E8BBF1CB9C81600A3F226 /* DetailViewController.h */,
				8B0E8BC01CB9C81600A3F226 /* DetailViewController.m */,
				8B0E8BC21CB9C81600A3F226 /* Main.storyboard */,
				8B0E8BC51CB9C81600A3F226 /* Assets.xcassets */,
				8B0E8BC71CB9C81600A3F226 /* LaunchScreen.storyboard */,
				8B0E8BCA1CB9C81600A3F226 /* Info.plist */,
				8B0E8BB61CB9C81600A3F226 /* Supporting Files */,
				8B0E8BD01CB9C97000A3F226 /* Customer.h */,
				8B0E8BD11CB9C97000A3F226 /* Customer.m */,
			);
			path = bookstore;
			sourceTree = "<group>";
		};
		8B0E8BB61CB9C81600A3F226 /* Supporting Files */ = {
			isa = PBXGroup;
			children = (
				8B0E8BB71CB9C81600A3F226 /* main.m */,
			);
			name = "Supporting Files";
			sourceTree = "<group>";
		};
/* End PBXGroup section */

/* Begin PBXNativeTarget section */
		8B0E8BB21CB9C81600A3F226 /* bookstore */ = {
			isa = PBXNativeTarget;
			buildConfigurationList = 8B0E8BCD1CB9C81600A3F226 /* Build configuration list for PBXNativeTarget "bookstore" */;
			buildPhases = (
				8B0E8BAF1CB9C81600A3F226 /* Sources */,
				8B0E8BB01CB9C81600A3F226 /* Frameworks */,
				8B0E8BB11CB9C81600A3F226 /* Resources */,
			);
			buildRules = (
			);
			dependencies = (
			);
			name = bookstore;
			productName = bookstore;
			productReference = 8B0E8BB31CB9C81600A3F226 /* bookstore.app */;
			productType = "com.apple.product-type.application";
		};
/* End PBXNativeTarget section */

/* Begin PBXProject section */
		8B0E8BAB1CB9C81600A3F226 /* Project object */ = {
			isa = PBXProject;
			attributes = {
				LastUpgradeCheck = 0730;
				ORGANIZATIONNAME = Apriva;
				TargetAttributes = {
					8B0E8BB21CB9C81600A3F226 = {
						CreatedOnToolsVersion = 7.3;
					};
				};
			};
			buildConfigurationList = 8B0E8BAE1CB9C81600A3F226 /* Build configuration list for PBXProject "bookstore" */;
			compatibilityVersion = "Xcode 3.2";
			developmentRegion = English;
			hasScannedForEncodings = 0;
			knownRegions = (
				en,
				Base,
			);
			mainGroup = 8B0E8BAA1CB9C81600A3F226;
			productRefGroup = 8B0E8BB41CB9C81600A3F226 /* Products */;
			projectDirPath = "";
			projectRoot = "";
			targets = (
				8B0E8BB21CB9C81600A3F226 /* bookstore */,
			);
		};
/* End PBXProject section */

/* Begin PBXResourcesBuildPhase section */
		8B0E8BB11CB9C81600A3F226 /* Resources */ = {
			isa = PBXResourcesBuildPhase;
			buildActionMask = 2147483647;
			files = (
				8B0E8BC91CB9C81600A3F226 /* LaunchScreen.storyboard in Resources */,
				8B0E8BC61CB9C81600A3F226 /* Assets.xcassets in Resources */,
				8B0E8BC41CB9C81600A3F226 /* Main.storyboard in Resources */,
			);
			runOnlyForDeploymentPostprocessing = 0;
		};
/* End PBXResourcesBuildPhase section */

/* Begin PBXSourcesBuildPhase section */
		8B0E8BAF1CB9C81600A3F226 /* Sources */ = {
			isa = PBXSourcesBuildPhase;
			buildActionMask = 2147483647;
			files = (
				8B0E8BBB1CB9C81600A3F226 /* AppDelegate.m in Sources */,
				8B0E8BBE1CB9C81600A3F226 /* MasterViewController.m in Sources */,
				8B0E8BB81CB9C81600A3F226 /* main.m in Sources */,
				8B0E8BC11CB9C81600A3F226 /* DetailViewController.m in Sources */,
				8B0E8BD21CB9C97000A3F226 /* Customer.m in Sources */,
			);
			runOnlyForDeploymentPostprocessing = 0;
		};
/* End PBXSourcesBuildPhase section */

/* Begin PBXVariantGroup section */
		8B0E8BC21CB9C81600A3F226 /* Main.storyboard */ = {
			isa = PBXVariantGroup;
			children = (
				8B0E8BC31CB9C81600A3F226 /* Base */,
			);
			name = Main.storyboard;
			sourceTree = "<group>";
		};
		8B0E8BC71CB9C81600A3F226 /* LaunchScreen.storyboard */ = {
			isa = PBXVariantGroup;
			children = (
				8B0E8BC81CB9C81600A3F226 /* Base */,
			);
			name = LaunchScreen.storyboard;
			sourceTree = "<group>";
		};
/* End PBXVariantGroup section */

/* Begin XCBuildConfiguration section */
		8B0E8BCB1CB9C81600A3F226 /* Debug */ = {
			isa = XCBuildConfiguration;
			buildSettings = {
				ALWAYS_SEARCH_USER_PATHS = NO;
				CLANG_ANALYZER_NONNULL = YES;
				CLANG_CXX_LANGUAGE_STANDARD = "gnu++0x";
				CLANG_CXX_LIBRARY = "libc++";
				CLANG_ENABLE_MODULES = YES;
				CLANG_ENABLE_OBJC_ARC = YES;
				CLANG_WARN_BOOL_CONVERSION = YES;
				CLANG_WARN_CONSTANT_CONVERSION = YES;
				CLANG_WARN_DIRECT_OBJC_ISA_USAGE = YES_ERROR;
				CLANG_WARN_EMPTY_BODY = YES;
				CLANG_WARN_ENUM_CONVERSION = YES;
				CLANG_WARN_INT_CONVERSION = YES;
				CLANG_WARN_OBJC_ROOT_CLASS = YES_ERROR;
				CLANG_WARN_UNREACHABLE_CODE = YES;
				CLANG_WARN__DUPLICATE_METHOD_MATCH = YES;
				"CODE_SIGN_IDENTITY[sdk=iphoneos*]" = "iPhone Developer";
				COPY_PHASE_STRIP = NO;
				DEBUG_INFORMATION_FORMAT = dwarf;
				ENABLE_STRICT_OBJC_MSGSEND = YES;
				ENABLE_TESTABILITY = YES;
				GCC_C_LANGUAGE_STANDARD = gnu99;
				GCC_DYNAMIC_NO_PIC = NO;
				GCC_NO_COMMON_BLOCKS = YES;
				GCC_OPTIMIZATION_LEVEL = 0;
				GCC_PREPROCESSOR_DEFINITIONS = (
					"DEBUG=1",
					"$(inherited)",
				);
				GCC_WARN_64_TO_32_BIT_CONVERSION = YES;
				GCC_WARN_ABOUT_RETURN_TYPE = YES_ERROR;
				GCC_WARN_UNDECLARED_SELECTOR = YES;
				GCC_WARN_UNINITIALIZED_AUTOS = YES_AGGRESSIVE;
				GCC_WARN_UNUSED_FUNCTION = YES;
				GCC_WARN_UNUSED_VARIABLE = YES;
				IPHONEOS_DEPLOYMENT_TARGET = 9.3;
				MTL_ENABLE_DEBUG_INFO = YES;
				ONLY_ACTIVE_ARCH = YES;
				SDKROOT = iphoneos;
				TARGETED_DEVICE_FAMILY = "1,2";
			};
			name = Debug;
		};
		8B0E8BCC1CB9C81600A3F226 /* Release */ = {
			isa = XCBuildConfiguration;
			buildSettings = {
				ALWAYS_SEARCH_USER_PATHS = NO;
				CLANG_ANALYZER_NONNULL = YES;
				CLANG_CXX_LANGUAGE_STANDARD = "gnu++0x";
				CLANG_CXX_LIBRARY = "libc++";
				CLANG_ENABLE_MODULES = YES;
				CLANG_ENABLE_OBJC_ARC = YES;
				CLANG_WARN_BOOL_CONVERSION = YES;
				CLANG_WARN_CONSTANT_CONVERSION = YES;
				CLANG_WARN_DIRECT_OBJC_ISA_USAGE = YES_ERROR;
				CLANG_WARN_EMPTY_BODY = YES;
				CLANG_WARN_ENUM_CONVERSION = YES;
				CLANG_WARN_INT_CONVERSION = YES;
				CLANG_WARN_OBJC_ROOT_CLASS = YES_ERROR;
				CLANG_WARN_UNREACHABLE_CODE = YES;
				CLANG_WARN__DUPLICATE_METHOD_MATCH = YES;
				"CODE_SIGN_IDENTITY[sdk=iphoneos*]" = "iPhone Developer";
				COPY_PHASE_STRIP = NO;
				DEBUG_INFORMATION_FORMAT = "dwarf-with-dsym";
				ENABLE_NS_ASSERTIONS = NO;
				ENABLE_STRICT_OBJC_MSGSEND = YES;
				GCC_C_LANGUAGE_STANDARD = gnu99;
				GCC_NO_COMMON_BLOCKS = YES;
				GCC_WARN_64_TO_32_BIT_CONVERSION = YES;
				GCC_WARN_ABOUT_RETURN_TYPE = YES_ERROR;
				GCC_WARN_UNDECLARED_SELECTOR = YES;
				GCC_WARN_UNINITIALIZED_AUTOS = YES_AGGRESSIVE;
				GCC_WARN_UNUSED_FUNCTION = YES;
				GCC_WARN_UNUSED_VARIABLE = YES;
				IPHONEOS_DEPLOYMENT_TARGET = 9.3;
				MTL_ENABLE_DEBUG_INFO = NO;
				SDKROOT = iphoneos;
				TARGETED_DEVICE_FAMILY = "1,2";
				VALIDATE_PRODUCT = YES;
			};
			name = Release;
		};
		8B0E8BCE1CB9C81600A3F226 /* Debug */ = {
			isa = XCBuildConfiguration;
			buildSettings = {
				ASSETCATALOG_COMPILER_APPICON_NAME = AppIcon;
				INFOPLIST_FILE = bookstore/Info.plist;
				LD_RUNPATH_SEARCH_PATHS = "$(inherited) @executable_path/Frameworks";
				PRODUCT_BUNDLE_IDENTIFIER = com.innovativeware.bookstore;
				PRODUCT_NAME = "$(TARGET_NAME)";
			};
			name = Debug;
		};
		8B0E8BCF1CB9C81600A3F226 /* Release */ = {
			isa = XCBuildConfiguration;
			buildSettings = {
				ASSETCATALOG_COMPILER_APPICON_NAME = AppIcon;
				INFOPLIST_FILE = bookstore/Info.plist;
				LD_RUNPATH_SEARCH_PATHS = "$(inherited) @executable_path/Frameworks";
				PRODUCT_BUNDLE_IDENTIFIER = com.innovativeware.bookstore;
				PRODUCT_NAME = "$(TARGET_NAME)";
			};
			name = Release;
		};
/* End XCBuildConfiguration section */

/* Begin XCConfigurationList section */
		8B0E8BAE1CB9C81600A3F226 /* Build configuration list for PBXProject "bookstore" */ = {
			isa = XCConfigurationList;
			buildConfigurations = (
				8B0E8BCB1CB9C81600A3F226 /* Debug */,
				8B0E8BCC1CB9C81600A3F226 /* Release */,
			);
			defaultConfigurationIsVisible = 0;
			defaultConfigurationName = Release;
		};
		8B0E8BCD1CB9C81600A3F226 /* Build configuration list for PBXNativeTarget "bookstore" */ = {
			isa = XCConfigurationList;
			buildConfigurations = (
				8B0E8BCE1CB9C81600A3F226 /* Debug */,
				8B0E8BCF1CB9C81600A3F226 /* Release */,
			);
			defaultConfigurationIsVisible = 0;
		};
/* End XCConfigurationList section */
	};
	rootObject = 8B0E8BAB1CB9C81600A3F226 /* Project object */;
}
